
Microsoft Visual Studio Solution File, Format Version 12.00
# Visual Studio Version 17
VisualStudioVersion = 17.13.35605.110 d17.13
MinimumVisualStudioVersion = 10.0.40219.1
Project("{8BC9CEB8-8B4A-11D0-8D11-00A0C91BC942}") = "OpenGL", "OpenGL.vcxproj", "{B2694B36-C8DC-43C8-9C8F-38975EA71D32}"
EndProject
Global
	GlobalSection(SolutionConfigurationPlatforms) = preSolution
		Debug|x64 = Debug|x64
		Debug|x86 = Debug|x86
		Release|x64 = Release|x64
		Release|x86 = Release|x86
	EndGlobalSection
	GlobalSection(ProjectConfigurationPlatforms) = postSolution
		{B2694B36-C8DC-43C8-9C8F-38975EA71D32}.Debug|x64.ActiveCfg = Debug|x64
		{B2694B36-C8DC-43C8-9C8F-38975EA71D32}.Debug|x64.Build.0 = Debug|x64
		{B2694B36-C8DC-43C8-9C8F-38975EA71D32}.Debug|x86.ActiveCfg = Debug|Win32
		{B2694B36-C8DC-43C8-9C8F-38975EA71D32}.Debug|x86.Build.0 = Debug|Win32
		{B2694B36-C8DC-43C8-9C8F-38975EA71D32}.Release|x64.ActiveCfg = Release|x64
		{B2694B36-C8DC-43C8-9C8F-38975EA71D32}.Release|x64.Build.0 = Release|x64
		{B2694B36-C8DC-43C8-9C8F-38975EA71D32}.Release|x86.ActiveCfg = Release|Win32
		{B2694B36-C8DC-43C8-9C8F-38975EA71D32}.Release|x86.Build.0 = Release|Win32
	EndGlobalSection
	GlobalSection(SolutionProperties) = preSolution
		HideSolutionNode = FALSE
	EndGlobalSection
	GlobalSection(ExtensibilityGlobals) = postSolution
		SolutionGuid = {5A453E59-FB2D-41EF-9FDA-BE4EA29A9B29}
	EndGlobalSection
EndGlobal
